{
  "name": "aspen",
  "version": "1.0.0",
  "lockfileVersion": 3,
  "requires": true,
  "packages": {
    "": {
      "name": "aspen",
      "version": "1.0.0",
      "license": "GPL-3.0-or-later",
      "devDependencies": {
        "node-rtsp-stream": "^0.0.9",
        "ws": "^8.17.0"
      }
    },
    "node_modules/node-rtsp-stream": {
      "version": "0.0.9",
      "resolved": "https://registry.npmjs.org/node-rtsp-stream/-/node-rtsp-stream-0.0.9.tgz",
      "integrity": "sha512-ynSkdHL4fuhctl1GeK890De7n8Dw+37D6IAZGrzsFSrd4TYho6neFQpMS1t0ZRDGsAegKh2p6kl1l9Vo3pJk8w==",
      "dev": true,
      "dependencies": {
        "ws": "^7.0.0"
      }
    },
    "node_modules/node-rtsp-stream/node_modules/ws": {
      "version": "7.5.9",
      "resolved": "https://registry.npmjs.org/ws/-/ws-7.5.9.tgz",
      "integrity": "sha512-F+P9Jil7UiSKSkppIiD94dN07AwvFixvLIj1Og1Rl9GGMuNipJnV9JzjD6XuqmAeiswGvUmNLjr5cFuXwNS77Q==",
      "dev": true,
      "engines": {
        "node": ">=8.3.0"
      },
      "peerDependencies": {
        "bufferutil": "^4.0.1",
        "utf-8-validate": "^5.0.2"
      },
      "peerDependenciesMeta": {
        "bufferutil": {
          "optional": true
        },
        "utf-8-validate": {
          "optional": true
        }
      }
    },
    "node_modules/ws": {
      "version": "8.17.0",
      "resolved": "https://registry.npmjs.org/ws/-/ws-8.17.0.tgz",
      "integrity": "sha512-uJq6108EgZMAl20KagGkzCKfMEjxmKvZHG7Tlq0Z6nOky7YF7aq4mOx6xK8TJ/i1LeK4Qus7INktacctDgY8Ow==",
      "dev": true,
      "engines": {
        "node": ">=10.0.0"
      },
      "peerDependencies": {
        "bufferutil": "^4.0.1",
        "utf-8-validate": ">=5.0.2"
      },
      "peerDependenciesMeta": {
        "bufferutil": {
          "optional": true
        },
        "utf-8-validate": {
          "optional": true
        }
      }
    }
  }
}
